
Microsoft Visual Studio Solution File, Format Version 12.00
# Visual Studio 14
VisualStudioVersion = 14.0.25420.1
MinimumVisualStudioVersion = 10.0.40219.1
Project("{FAE04EC0-301F-11D3-BF4B-00C04F79EFBC}") = "MVC_Application1", "MVC_Application1\MVC_Application1.csproj", "{9D8E7579-59BC-4A2A-A186-13A00A5B0233}"
EndProject
Project("{FAE04EC0-301F-11D3-BF4B-00C04F79EFBC}") = "DAL", "DAL\DAL.csproj", "{63F8AE78-C473-4BCF-A3A0-9CA71F66F9A2}"
EndProject
Global
	GlobalSection(SolutionConfigurationPlatforms) = preSolution
		Debug|Any CPU = Debug|Any CPU
		Release|Any CPU = Release|Any CPU
	EndGlobalSection
	GlobalSection(ProjectConfigurationPlatforms) = postSolution
		{9D8E7579-59BC-4A2A-A186-13A00A5B0233}.Debug|Any CPU.ActiveCfg = Debug|Any CPU
		{9D8E7579-59BC-4A2A-A186-13A00A5B0233}.Debug|Any CPU.Build.0 = Debug|Any CPU
		{9D8E7579-59BC-4A2A-A186-13A00A5B0233}.Release|Any CPU.ActiveCfg = Release|Any CPU
		{9D8E7579-59BC-4A2A-A186-13A00A5B0233}.Release|Any CPU.Build.0 = Release|Any CPU
		{63F8AE78-C473-4BCF-A3A0-9CA71F66F9A2}.Debug|Any CPU.ActiveCfg = Debug|Any CPU
		{63F8AE78-C473-4BCF-A3A0-9CA71F66F9A2}.Debug|Any CPU.Build.0 = Debug|Any CPU
		{63F8AE78-C473-4BCF-A3A0-9CA71F66F9A2}.Release|Any CPU.ActiveCfg = Release|Any CPU
		{63F8AE78-C473-4BCF-A3A0-9CA71F66F9A2}.Release|Any CPU.Build.0 = Release|Any CPU
	EndGlobalSection
	GlobalSection(SolutionProperties) = preSolution
		HideSolutionNode = FALSE
	EndGlobalSection
EndGlobal
